// !$*UTF8*$!
{
	archiveVersion = 1;
	classes = {
	};
	objectVersion = 51;
	objects = {

/* Begin PBXBuildFile section */
		2F2B7400C528B1A6E67AAB63 /* Pods_RxSwiftCameraFilter.framework in Frameworks */ = {isa = PBXBuildFile; fileRef = A9DA41BDF5046A7E80F22577 /* Pods_RxSwiftCameraFilter.framework */; };
		CE020F1926B43E3D0000E424 /* PhotoCollectionViewCell.swift in Sources */ = {isa = PBXBuildFile; fileRef = CE020F1826B43E3D0000E424 /* PhotoCollectionViewCell.swift */; };
		CE94958C26AEE31600F56408 /* AppDelegate.swift in Sources */ = {isa = PBXBuildFile; fileRef = CE94958B26AEE31600F56408 /* AppDelegate.swift */; };
		CE94958E26AEE31600F56408 /* SceneDelegate.swift in Sources */ = {isa = PBXBuildFile; fileRef = CE94958D26AEE31600F56408 /* SceneDelegate.swift */; };
		CE94959026AEE31600F56408 /* ViewController.swift in Sources */ = {isa = PBXBuildFile; fileRef = CE94958F26AEE31600F56408 /* ViewController.swift */; };
		CE94959326AEE31600F56408 /* Main.storyboard in Resources */ = {isa = PBXBuildFile; fileRef = CE94959126AEE31600F56408 /* Main.storyboard */; };
		CE94959526AEE32100F56408 /* Assets.xcassets in Resources */ = {isa = PBXBuildFile; fileRef = CE94959426AEE32100F56408 /* Assets.xcassets */; };
		CE94959826AEE32100F56408 /* LaunchScreen.storyboard in Resources */ = {isa = PBXBuildFile; fileRef = CE94959626AEE32100F56408 /* LaunchScreen.storyboard */; };
		CE9495A126AEE48F00F56408 /* PhotoCollectionViewController.swift in Sources */ = {isa = PBXBuildFile; fileRef = CE9495A026AEE48F00F56408 /* PhotoCollectionViewController.swift */; };
		CEF5C80326B9785000692236 /* FilterService.swift in Sources */ = {isa = PBXBuildFile; fileRef = CEF5C80226B9785000692236 /* FilterService.swift */; };
/* End PBXBuildFile section */

/* Begin PBXFileReference section */
		0424069BC136052E6AE8E75F /* Pods-RxSwiftCameraFilter.debug.xcconfig */ = {isa = PBXFileReference; includeInIndex = 1; lastKnownFileType = text.xcconfig; name = "Pods-RxSwiftCameraFilter.debug.xcconfig"; path = "Target Support Files/Pods-RxSwiftCameraFilter/Pods-RxSwiftCameraFilter.debug.xcconfig"; sourceTree = "<group>"; };
		720A20E85CDF63E2E4029024 /* Pods-RxSwiftCameraFilter.release.xcconfig */ = {isa = PBXFileReference; includeInIndex = 1; lastKnownFileType = text.xcconfig; name = "Pods-RxSwiftCameraFilter.release.xcconfig"; path = "Target Support Files/Pods-RxSwiftCameraFilter/Pods-RxSwiftCameraFilter.release.xcconfig"; sourceTree = "<group>"; };
		A9DA41BDF5046A7E80F22577 /* Pods_RxSwiftCameraFilter.framework */ = {isa = PBXFileReference; explicitFileType = wrapper.framework; includeInIndex = 0; path = Pods_RxSwiftCameraFilter.framework; sourceTree = BUILT_PRODUCTS_DIR; };
		CE020F1826B43E3D0000E424 /* PhotoCollectionViewCell.swift */ = {isa = PBXFileReference; lastKnownFileType = sourcecode.swift; path = PhotoCollectionViewCell.swift; sourceTree = "<group>"; };
		CE94958826AEE31600F56408 /* RxSwiftCameraFilter.app */ = {isa = PBXFileReference; explicitFileType = wrapper.application; includeInIndex = 0; path = RxSwiftCameraFilter.app; sourceTree = BUILT_PRODUCTS_DIR; };
		CE94958B26AEE31600F56408 /* AppDelegate.swift */ = {isa = PBXFileReference; lastKnownFileType = sourcecode.swift; path = AppDelegate.swift; sourceTree = "<group>"; };
		CE94958D26AEE31600F56408 /* SceneDelegate.swift */ = {isa = PBXFileReference; lastKnownFileType = sourcecode.swift; path = SceneDelegate.swift; sourceTree = "<group>"; };
		CE94958F26AEE31600F56408 /* ViewController.swift */ = {isa = PBXFileReference; lastKnownFileType = sourcecode.swift; path = ViewController.swift; sourceTree = "<group>"; };
		CE94959226AEE31600F56408 /* Base */ = {isa = PBXFileReference; lastKnownFileType = file.storyboard; name = Base; path = Base.lproj/Main.storyboard; sourceTree = "<group>"; };
		CE94959426AEE32100F56408 /* Assets.xcassets */ = {isa = PBXFileReference; lastKnownFileType = folder.assetcatalog; path = Assets.xcassets; sourceTree = "<group>"; };
		CE94959726AEE32100F56408 /* Base */ = {isa = PBXFileReference; lastKnownFileType = file.storyboard; name = Base; path = Base.lproj/LaunchScreen.storyboard; sourceTree = "<group>"; };
		CE94959926AEE32100F56408 /* Info.plist */ = {isa = PBXFileReference; lastKnownFileType = text.plist.xml; path = Info.plist; sourceTree = "<group>"; };
		CE9495A026AEE48F00F56408 /* PhotoCollectionViewController.swift */ = {isa = PBXFileReference; lastKnownFileType = sourcecode.swift; path = PhotoCollectionViewController.swift; sourceTree = "<group>"; };
		CEF5C80226B9785000692236 /* FilterService.swift */ = {isa = PBXFileReference; lastKnownFileType = sourcecode.swift; path = FilterService.swift; sourceTree = "<group>"; };
/* End PBXFileReference section */

/* Begin PBXFrameworksBuildPhase section */
		CE94958526AEE31600F56408 /* Frameworks */ = {
			isa = PBXFrameworksBuildPhase;
			buildActionMask = 2147483647;
			files = (
				2F2B7400C528B1A6E67AAB63 /* Pods_RxSwiftCameraFilter.framework in Frameworks */,
			);
			runOnlyForDeploymentPostprocessing = 0;
		};
/* End PBXFrameworksBuildPhase section */

/* Begin PBXGroup section */
		3E9652343A7EEE75175CE42C /* Frameworks */ = {
			isa = PBXGroup;
			children = (
				A9DA41BDF5046A7E80F22577 /* Pods_RxSwiftCameraFilter.framework */,
			);
			name = Frameworks;
			sourceTree = "<group>";
		};
		5945DFD885733B63863AC86E /* Pods */ = {
			isa = PBXGroup;
			children = (
				0424069BC136052E6AE8E75F /* Pods-RxSwiftCameraFilter.debug.xcconfig */,
				720A20E85CDF63E2E4029024 /* Pods-RxSwiftCameraFilter.release.xcconfig */,
			);
			path = Pods;
			sourceTree = "<group>";
		};
		CE94957F26AEE31600F56408 = {
			isa = PBXGroup;
			children = (
				CE94958A26AEE31600F56408 /* RxSwiftCameraFilter */,
				CE94958926AEE31600F56408 /* Products */,
				5945DFD885733B63863AC86E /* Pods */,
				3E9652343A7EEE75175CE42C /* Frameworks */,
			);
			sourceTree = "<group>";
		};
		CE94958926AEE31600F56408 /* Products */ = {
			isa = PBXGroup;
			children = (
				CE94958826AEE31600F56408 /* RxSwiftCameraFilter.app */,
			);
			name = Products;
			sourceTree = "<group>";
		};
		CE94958A26AEE31600F56408 /* RxSwiftCameraFilter */ = {
			isa = PBXGroup;
			children = (
				CE94958B26AEE31600F56408 /* AppDelegate.swift */,
				CE94958D26AEE31600F56408 /* SceneDelegate.swift */,
				CE9495A026AEE48F00F56408 /* PhotoCollectionViewController.swift */,
				CE020F1826B43E3D0000E424 /* PhotoCollectionViewCell.swift */,
				CE94958F26AEE31600F56408 /* ViewController.swift */,
				CEF5C80226B9785000692236 /* FilterService.swift */,
				CE94959126AEE31600F56408 /* Main.storyboard */,
				CE94959426AEE32100F56408 /* Assets.xcassets */,
				CE94959626AEE32100F56408 /* LaunchScreen.storyboard */,
				CE94959926AEE32100F56408 /* Info.plist */,
			);
			path = RxSwiftCameraFilter;
			sourceTree = "<group>";
		};
/* End PBXGroup section */

/* Begin PBXNativeTarget section */
		CE94958726AEE31600F56408 /* RxSwiftCameraFilter */ = {
			isa = PBXNativeTarget;
			buildConfigurationList = CE94959C26AEE32100F56408 /* Build configuration list for PBXNativeTarget "RxSwiftCameraFilter" */;
			buildPhases = (
				61FCE01229E0A414C65A91CD /* [CP] Check Pods Manifest.lock */,
				CE94958426AEE31600F56408 /* Sources */,
				CE94958526AEE31600F56408 /* Frameworks */,
				CE94958626AEE31600F56408 /* Resources */,
				134C28273E08E4DF3374AB98 /* [CP] Embed Pods Frameworks */,
			);
			buildRules = (
			);
			dependencies = (
			);
			name = RxSwiftCameraFilter;
			productName = RxSwiftCameraFilter;
			productReference = CE94958826AEE31600F56408 /* RxSwiftCameraFilter.app */;
			productType = "com.apple.product-type.application";
		};
/* End PBXNativeTarget section */

/* Begin PBXProject section */
		CE94958026AEE31600F56408 /* Project object */ = {
			isa = PBXProject;
			attributes = {
				LastSwiftUpdateCheck = 1240;
				LastUpgradeCheck = 1240;
				TargetAttributes = {
					CE94958726AEE31600F56408 = {
						CreatedOnToolsVersion = 12.4;
					};
				};
			};
			buildConfigurationList = CE94958326AEE31600F56408 /* Build configuration list for PBXProject "RxSwiftCameraFilter" */;
			compatibilityVersion = "Xcode 9.3";
			developmentRegion = en;
			hasScannedForEncodings = 0;
			knownRegions = (
				en,
				Base,
			);
			mainGroup = CE94957F26AEE31600F56408;
			productRefGroup = CE94958926AEE31600F56408 /* Products */;
			projectDirPath = "";
			projectRoot = "";
			targets = (
				CE94958726AEE31600F56408 /* RxSwiftCameraFilter */,
			);
		};
/* End PBXProject section */

/* Begin PBXResourcesBuildPhase section */
		CE94958626AEE31600F56408 /* Resources */ = {
			isa = PBXResourcesBuildPhase;
			buildActionMask = 2147483647;
			files = (
				CE94959826AEE32100F56408 /* LaunchScreen.storyboard in Resources */,
				CE94959526AEE32100F56408 /* Assets.xcassets in Resources */,
				CE94959326AEE31600F56408 /* Main.storyboard in Resources */,
			);
			runOnlyForDeploymentPostprocessing = 0;
		};
/* End PBXResourcesBuildPhase section */

/* Begin PBXShellScriptBuildPhase section */
		134C28273E08E4DF3374AB98 /* [CP] Embed Pods Frameworks */ = {
			isa = PBXShellScriptBuildPhase;
			buildActionMask = 2147483647;
			files = (
			);
			inputFileListPaths = (
				"${PODS_ROOT}/Target Support Files/Pods-RxSwiftCameraFilter/Pods-RxSwiftCameraFilter-frameworks-${CONFIGURATION}-input-files.xcfilelist",
			);
			name = "[CP] Embed Pods Frameworks";
			outputFileListPaths = (
				"${PODS_ROOT}/Target Support Files/Pods-RxSwiftCameraFilter/Pods-RxSwiftCameraFilter-frameworks-${CONFIGURATION}-output-files.xcfilelist",
			);
			runOnlyForDeploymentPostprocessing = 0;
			shellPath = /bin/sh;
			shellScript = "\"${PODS_ROOT}/Target Support Files/Pods-RxSwiftCameraFilter/Pods-RxSwiftCameraFilter-frameworks.sh\"\n";
			showEnvVarsInLog = 0;
		};
		61FCE01229E0A414C65A91CD /* [CP] Check Pods Manifest.lock */ = {
			isa = PBXShellScriptBuildPhase;
			buildActionMask = 2147483647;
			files = (
			);
			inputFileListPaths = (
			);
			inputPaths = (
				"${PODS_PODFILE_DIR_PATH}/Podfile.lock",
				"${PODS_ROOT}/Manifest.lock",
			);
			name = "[CP] Check Pods Manifest.lock";
			outputFileListPaths = (
			);
			outputPaths = (
				"$(DERIVED_FILE_DIR)/Pods-RxSwiftCameraFilter-checkManifestLockResult.txt",
			);
			runOnlyForDeploymentPostprocessing = 0;
			shellPath = /bin/sh;
			shellScript = "diff \"${PODS_PODFILE_DIR_PATH}/Podfile.lock\" \"${PODS_ROOT}/Manifest.lock\" > /dev/null\nif [ $? != 0 ] ; then\n    # print error to STDERR\n    echo \"error: The sandbox is not in sync with the Podfile.lock. Run 'pod install' or update your CocoaPods installation.\" >&2\n    exit 1\nfi\n# This output is used by Xcode 'outputs' to avoid re-running this script phase.\necho \"SUCCESS\" > \"${SCRIPT_OUTPUT_FILE_0}\"\n";
			showEnvVarsInLog = 0;
		};
/* End PBXShellScriptBuildPhase section */

/* Begin PBXSourcesBuildPhase section */
		CE94958426AEE31600F56408 /* Sources */ = {
			isa = PBXSourcesBuildPhase;
			buildActionMask = 2147483647;
			files = (
				CE94959026AEE31600F56408 /* ViewController.swift in Sources */,
				CE020F1926B43E3D0000E424 /* PhotoCollectionViewCell.swift in Sources */,
				CE94958C26AEE31600F56408 /* AppDelegate.swift in Sources */,
				CEF5C80326B9785000692236 /* FilterService.swift in Sources */,
				CE94958E26AEE31600F56408 /* SceneDelegate.swift in Sources */,
				CE9495A126AEE48F00F56408 /* PhotoCollectionViewController.swift in Sources */,
			);
			runOnlyForDeploymentPostprocessing = 0;
		};
/* End PBXSourcesBuildPhase section */

/* Begin PBXVariantGroup section */
		CE94959126AEE31600F56408 /* Main.storyboard */ = {
			isa = PBXVariantGroup;
			children = (
				CE94959226AEE31600F56408 /* Base */,
			);
			name = Main.storyboard;
			sourceTree = "<group>";
		};
		CE94959626AEE32100F56408 /* LaunchScreen.storyboard */ = {
			isa = PBXVariantGroup;
			children = (
				CE94959726AEE32100F56408 /* Base */,
			);
			name = LaunchScreen.storyboard;
			sourceTree = "<group>";
		};
/* End PBXVariantGroup section */

/* Begin XCBuildConfiguration section */
		CE94959A26AEE32100F56408 /* Debug */ = {
			isa = XCBuildConfiguration;
			buildSettings = {
				ALWAYS_SEARCH_USER_PATHS = NO;
				CLANG_ANALYZER_NONNULL = YES;
				CLANG_ANALYZER_NUMBER_OBJECT_CONVERSION = YES_AGGRESSIVE;
				CLANG_CXX_LANGUAGE_STANDARD = "gnu++14";
				CLANG_CXX_LIBRARY = "libc++";
				CLANG_ENABLE_MODULES = YES;
				CLANG_ENABLE_OBJC_ARC = YES;
				CLANG_ENABLE_OBJC_WEAK = YES;
				CLANG_WARN_BLOCK_CAPTURE_AUTORELEASING = YES;
				CLANG_WARN_BOOL_CONVERSION = YES;
				CLANG_WARN_COMMA = YES;
				CLANG_WARN_CONSTANT_CONVERSION = YES;
				CLANG_WARN_DEPRECATED_OBJC_IMPLEMENTATIONS = YES;
				CLANG_WARN_DIRECT_OBJC_ISA_USAGE = YES_ERROR;
				CLANG_WARN_DOCUMENTATION_COMMENTS = YES;
				CLANG_WARN_EMPTY_BODY = YES;
				CLANG_WARN_ENUM_CONVERSION = YES;
				CLANG_WARN_INFINITE_RECURSION = YES;
				CLANG_WARN_INT_CONVERSION = YES;
				CLANG_WARN_NON_LITERAL_NULL_CONVERSION = YES;
				CLANG_WARN_OBJC_IMPLICIT_RETAIN_SELF = YES;
				CLANG_WARN_OBJC_LITERAL_CONVERSION = YES;
				CLANG_WARN_OBJC_ROOT_CLASS = YES_ERROR;
				CLANG_WARN_QUOTED_INCLUDE_IN_FRAMEWORK_HEADER = YES;
				CLANG_WARN_RANGE_LOOP_ANALYSIS = YES;
				CLANG_WARN_STRICT_PROTOTYPES = YES;
				CLANG_WARN_SUSPICIOUS_MOVE = YES;
				CLANG_WARN_UNGUARDED_AVAILABILITY = YES_AGGRESSIVE;
				CLANG_WARN_UNREACHABLE_CODE = YES;
				CLANG_WARN__DUPLICATE_METHOD_MATCH = YES;
				COPY_PHASE_STRIP = NO;
				DEBUG_INFORMATION_FORMAT = dwarf;
				ENABLE_STRICT_OBJC_MSGSEND = YES;
				ENABLE_TESTABILITY = YES;
				GCC_C_LANGUAGE_STANDARD = gnu11;
				GCC_DYNAMIC_NO_PIC = NO;
				GCC_NO_COMMON_BLOCKS = YES;
				GCC_OPTIMIZATION_LEVEL = 0;
				GCC_PREPROCESSOR_DEFINITIONS = (
					"DEBUG=1",
					"$(inherited)",
				);
				GCC_WARN_64_TO_32_BIT_CONVERSION = YES;
				GCC_WARN_ABOUT_RETURN_TYPE = YES_ERROR;
				GCC_WARN_UNDECLARED_SELECTOR = YES;
				GCC_WARN_UNINITIALIZED_AUTOS = YES_AGGRESSIVE;
				GCC_WARN_UNUSED_FUNCTION = YES;
				GCC_WARN_UNUSED_VARIABLE = YES;
				IPHONEOS_DEPLOYMENT_TARGET = 14.4;
				MTL_ENABLE_DEBUG_INFO = INCLUDE_SOURCE;
				MTL_FAST_MATH = YES;
				ONLY_ACTIVE_ARCH = YES;
				SDKROOT = iphoneos;
				SWIFT_ACTIVE_COMPILATION_CONDITIONS = DEBUG;
				SWIFT_OPTIMIZATION_LEVEL = "-Onone";
			};
			name = Debug;
		};
		CE94959B26AEE32100F56408 /* Release */ = {
			isa = XCBuildConfiguration;
			buildSettings = {
				ALWAYS_SEARCH_USER_PATHS = NO;
				CLANG_ANALYZER_NONNULL = YES;
				CLANG_ANALYZER_NUMBER_OBJECT_CONVERSION = YES_AGGRESSIVE;
				CLANG_CXX_LANGUAGE_STANDARD = "gnu++14";
				CLANG_CXX_LIBRARY = "libc++";
				CLANG_ENABLE_MODULES = YES;
				CLANG_ENABLE_OBJC_ARC = YES;
				CLANG_ENABLE_OBJC_WEAK = YES;
				CLANG_WARN_BLOCK_CAPTURE_AUTORELEASING = YES;
				CLANG_WARN_BOOL_CONVERSION = YES;
				CLANG_WARN_COMMA = YES;
				CLANG_WARN_CONSTANT_CONVERSION = YES;
				CLANG_WARN_DEPRECATED_OBJC_IMPLEMENTATIONS = YES;
				CLANG_WARN_DIRECT_OBJC_ISA_USAGE = YES_ERROR;
				CLANG_WARN_DOCUMENTATION_COMMENTS = YES;
				CLANG_WARN_EMPTY_BODY = YES;
				CLANG_WARN_ENUM_CONVERSION = YES;
				CLANG_WARN_INFINITE_RECURSION = YES;
				CLANG_WARN_INT_CONVERSION = YES;
				CLANG_WARN_NON_LITERAL_NULL_CONVERSION = YES;
				CLANG_WARN_OBJC_IMPLICIT_RETAIN_SELF = YES;
				CLANG_WARN_OBJC_LITERAL_CONVERSION = YES;
				CLANG_WARN_OBJC_ROOT_CLASS = YES_ERROR;
				CLANG_WARN_QUOTED_INCLUDE_IN_FRAMEWORK_HEADER = YES;
				CLANG_WARN_RANGE_LOOP_ANALYSIS = YES;
				CLANG_WARN_STRICT_PROTOTYPES = YES;
				CLANG_WARN_SUSPICIOUS_MOVE = YES;
				CLANG_WARN_UNGUARDED_AVAILABILITY = YES_AGGRESSIVE;
				CLANG_WARN_UNREACHABLE_CODE = YES;
				CLANG_WARN__DUPLICATE_METHOD_MATCH = YES;
				COPY_PHASE_STRIP = NO;
				DEBUG_INFORMATION_FORMAT = "dwarf-with-dsym";
				ENABLE_NS_ASSERTIONS = NO;
				ENABLE_STRICT_OBJC_MSGSEND = YES;
				GCC_C_LANGUAGE_STANDARD = gnu11;
				GCC_NO_COMMON_BLOCKS = YES;
				GCC_WARN_64_TO_32_BIT_CONVERSION = YES;
				GCC_WARN_ABOUT_RETURN_TYPE = YES_ERROR;
				GCC_WARN_UNDECLARED_SELECTOR = YES;
				GCC_WARN_UNINITIALIZED_AUTOS = YES_AGGRESSIVE;
				GCC_WARN_UNUSED_FUNCTION = YES;
				GCC_WARN_UNUSED_VARIABLE = YES;
				IPHONEOS_DEPLOYMENT_TARGET = 14.4;
				MTL_ENABLE_DEBUG_INFO = NO;
				MTL_FAST_MATH = YES;
				SDKROOT = iphoneos;
				SWIFT_COMPILATION_MODE = wholemodule;
				SWIFT_OPTIMIZATION_LEVEL = "-O";
				VALIDATE_PRODUCT = YES;
			};
			name = Release;
		};
		CE94959D26AEE32100F56408 /* Debug */ = {
			isa = XCBuildConfiguration;
			baseConfigurationReference = 0424069BC136052E6AE8E75F /* Pods-RxSwiftCameraFilter.debug.xcconfig */;
			buildSettings = {
				ASSETCATALOG_COMPILER_APPICON_NAME = AppIcon;
				ASSETCATALOG_COMPILER_GLOBAL_ACCENT_COLOR_NAME = AccentColor;
				CODE_SIGN_STYLE = Automatic;
				DEVELOPMENT_TEAM = 3M26XCRN2K;
				INFOPLIST_FILE = RxSwiftCameraFilter/Info.plist;
				LD_RUNPATH_SEARCH_PATHS = (
					"$(inherited)",
					"@executable_path/Frameworks",
				);
				PRODUCT_BUNDLE_IDENTIFIER = com.test.RxSwiftCameraFilter;
				PRODUCT_NAME = "$(TARGET_NAME)";
				SWIFT_VERSION = 5.0;
				TARGETED_DEVICE_FAMILY = "1,2";
			};
			name = Debug;
		};
		CE94959E26AEE32100F56408 /* Release */ = {
			isa = XCBuildConfiguration;
			baseConfigurationReference = 720A20E85CDF63E2E4029024 /* Pods-RxSwiftCameraFilter.release.xcconfig */;
			buildSettings = {
				ASSETCATALOG_COMPILER_APPICON_NAME = AppIcon;
				ASSETCATALOG_COMPILER_GLOBAL_ACCENT_COLOR_NAME = AccentColor;
				CODE_SIGN_STYLE = Automatic;
				DEVELOPMENT_TEAM = 3M26XCRN2K;
				INFOPLIST_FILE = RxSwiftCameraFilter/Info.plist;
				LD_RUNPATH_SEARCH_PATHS = (
					"$(inherited)",
					"@executable_path/Frameworks",
				);
				PRODUCT_BUNDLE_IDENTIFIER = com.test.RxSwiftCameraFilter;
				PRODUCT_NAME = "$(TARGET_NAME)";
				SWIFT_VERSION = 5.0;
				TARGETED_DEVICE_FAMILY = "1,2";
			};
			name = Release;
		};
/* End XCBuildConfiguration section */

/* Begin XCConfigurationList section */
		CE94958326AEE31600F56408 /* Build configuration list for PBXProject "RxSwiftCameraFilter" */ = {
			isa = XCConfigurationList;
			buildConfigurations = (
				CE94959A26AEE32100F56408 /* Debug */,
				CE94959B26AEE32100F56408 /* Release */,
			);
			defaultConfigurationIsVisible = 0;
			defaultConfigurationName = Release;
		};
		CE94959C26AEE32100F56408 /* Build configuration list for PBXNativeTarget "RxSwiftCameraFilter" */ = {
			isa = XCConfigurationList;
			buildConfigurations = (
				CE94959D26AEE32100F56408 /* Debug */,
				CE94959E26AEE32100F56408 /* Release */,
			);
			defaultConfigurationIsVisible = 0;
			defaultConfigurationName = Release;
		};
/* End XCConfigurationList section */
	};
	rootObject = CE94958026AEE31600F56408 /* Project object */;
}
